
Microsoft Visual Studio Solution File, Format Version 12.00
# Visual Studio Version 17
VisualStudioVersion = 17.10.34916.146
MinimumVisualStudioVersion = 10.0.40219.1
Project("{8BC9CEB8-8B4A-11D0-8D11-00A0C91BC942}") = "WindowsFileDialog", "WindowsFileDialog.vcxproj", "{827A83CB-6FEB-4B96-A228-052698909055}"
EndProject
Global
	GlobalSection(SolutionConfigurationPlatforms) = preSolution
		Debug|x64 = Debug|x64
		Debug|x86 = Debug|x86
		Release|x64 = Release|x64
		Release|x86 = Release|x86
	EndGlobalSection
	GlobalSection(ProjectConfigurationPlatforms) = postSolution
		{827A83CB-6FEB-4B96-A228-052698909055}.Debug|x64.ActiveCfg = Debug|x64
		{827A83CB-6FEB-4B96-A228-052698909055}.Debug|x64.Build.0 = Debug|x64
		{827A83CB-6FEB-4B96-A228-052698909055}.Debug|x86.ActiveCfg = Debug|Win32
		{827A83CB-6FEB-4B96-A228-052698909055}.Debug|x86.Build.0 = Debug|Win32
		{827A83CB-6FEB-4B96-A228-052698909055}.Release|x64.ActiveCfg = Release|x64
		{827A83CB-6FEB-4B96-A228-052698909055}.Release|x64.Build.0 = Release|x64
		{827A83CB-6FEB-4B96-A228-052698909055}.Release|x86.ActiveCfg = Release|Win32
		{827A83CB-6FEB-4B96-A228-052698909055}.Release|x86.Build.0 = Release|Win32
	EndGlobalSection
	GlobalSection(SolutionProperties) = preSolution
		HideSolutionNode = FALSE
	EndGlobalSection
	GlobalSection(ExtensibilityGlobals) = postSolution
		SolutionGuid = {23839645-DBC5-49A2-83AE-3672C367B181}
	EndGlobalSection
EndGlobal
